Categories:
  - Accessibility
  - System
  - Utilities
  - Volume Control
License: MIT
AuthorName: nihaltp
AuthorEmail: nihaltpnki@gmail.com
WebSite: https://nihaltp.vercel.app/apps/VolumeLock/
SourceCode: https://github.com/nihaltp/volumelock
IssueTracker: https://github.com/nihaltp/volumelock/issues

AutoName: Volume Lock
Summary: A simple volume lock app
Description: A simple volume lock app built using Flutter. It allows users to lock
  their device's volume level and prevent accidental changes.

RepoType: git
Repo: https://github.com/nihaltp/volumelock
Binaries: https://github.com/nihaltp/volumelock/releases/download/v{version}/app-universal-release.apk

AllowedAPKSigningKeys: 6df9ce2e3c756a05f9a72b98e3bd555fa6f30bb99b56eba575ef9bce05d7b381

AutoUpdateMode: Version
UpdateCheckMode: Tags
CurrentVersion: 2.0.0
CurrentVersionCode: 5
